// !$*UTF8*$!
{
	archiveVersion = 1;
	classes = {
	};
	objectVersion = 46;
	objects = {

/* Begin PBXBuildFile section */
		19880771192A2E4700D2770D /* PDFTrue.m in Sources */ = {isa = PBXBuildFile; fileRef = 19880770192A2E4700D2770D /* PDFTrue.m */; };
		19880772192A2E4700D2770D /* PDFTrue.m in Sources */ = {isa = PBXBuildFile; fileRef = 19880770192A2E4700D2770D /* PDFTrue.m */; };
		19880775192A2E4F00D2770D /* PDFFalse.m in Sources */ = {isa = PBXBuildFile; fileRef = 19880774192A2E4F00D2770D /* PDFFalse.m */; };
		19880776192A2E4F00D2770D /* PDFFalse.m in Sources */ = {isa = PBXBuildFile; fileRef = 19880774192A2E4F00D2770D /* PDFFalse.m */; };
		198DDE8C191E279B00B11929 /* Foundation.framework in Frameworks */ = {isa = PBXBuildFile; fileRef = 198DDE8B191E279B00B11929 /* Foundation.framework */; };
		198DDE8F191E279B00B11929 /* main.m in Sources */ = {isa = PBXBuildFile; fileRef = 198DDE8E191E279B00B11929 /* main.m */; };
		198F7CC91939CD25005FEBAB /* PDFValue.m in Sources */ = {isa = PBXBuildFile; fileRef = 198F7CC81939CD25005FEBAB /* PDFValue.m */; };
		198F7CCA1939CD25005FEBAB /* PDFValue.m in Sources */ = {isa = PBXBuildFile; fileRef = 198F7CC81939CD25005FEBAB /* PDFValue.m */; };
		19AE7303192B329100CEED4F /* PDFObject.m in Sources */ = {isa = PBXBuildFile; fileRef = 19AE7302192B329100CEED4F /* PDFObject.m */; };
		19AE7304192B329100CEED4F /* PDFObject.m in Sources */ = {isa = PBXBuildFile; fileRef = 19AE7302192B329100CEED4F /* PDFObject.m */; };
		19C587E0192B144400B65A7D /* PDFSyntaxAnalyzer.m in Sources */ = {isa = PBXBuildFile; fileRef = 19C587DF192B144400B65A7D /* PDFSyntaxAnalyzer.m */; };
		19C587E1192B144400B65A7D /* PDFSyntaxAnalyzer.m in Sources */ = {isa = PBXBuildFile; fileRef = 19C587DF192B144400B65A7D /* PDFSyntaxAnalyzer.m */; };
		19CC6560192B7BBA00F191E5 /* PDFStack.m in Sources */ = {isa = PBXBuildFile; fileRef = 19CC655F192B7BBA00F191E5 /* PDFStack.m */; };
		19CC6561192B7BBA00F191E5 /* PDFStack.m in Sources */ = {isa = PBXBuildFile; fileRef = 19CC655F192B7BBA00F191E5 /* PDFStack.m */; };
		19D1B52B193BA1B000F1A2A6 /* PDFRef.m in Sources */ = {isa = PBXBuildFile; fileRef = 19D1B52A193BA1B000F1A2A6 /* PDFRef.m */; };
		19D1B52C193BA1B000F1A2A6 /* PDFRef.m in Sources */ = {isa = PBXBuildFile; fileRef = 19D1B52A193BA1B000F1A2A6 /* PDFRef.m */; };
		B4035DEF192236FE007ED64D /* PDFComment.m in Sources */ = {isa = PBXBuildFile; fileRef = B4035DEE192236FE007ED64D /* PDFComment.m */; };
		B40CE98F19264926007C8E04 /* PDFLexicalAnalyzer.m in Sources */ = {isa = PBXBuildFile; fileRef = B40CE98E19264926007C8E04 /* PDFLexicalAnalyzer.m */; };
		B40CE99019264926007C8E04 /* PDFLexicalAnalyzer.m in Sources */ = {isa = PBXBuildFile; fileRef = B40CE98E19264926007C8E04 /* PDFLexicalAnalyzer.m */; };
		B40CEB8319256DC400064464 /* XCTest.framework in Frameworks */ = {isa = PBXBuildFile; fileRef = B40CEB8219256DC400064464 /* XCTest.framework */; };
		B40CEB8919256DC400064464 /* InfoPlist.strings in Resources */ = {isa = PBXBuildFile; fileRef = B40CEB8719256DC400064464 /* InfoPlist.strings */; };
		B40CEB8B19256DC400064464 /* Parser_Tests.m in Sources */ = {isa = PBXBuildFile; fileRef = B40CEB8A19256DC400064464 /* Parser_Tests.m */; };
		B4C13D33194C9FA6004D1385 /* libz.dylib in Frameworks */ = {isa = PBXBuildFile; fileRef = B4C13D32194C9FA6004D1385 /* libz.dylib */; };
		B4C13D39194CBC34004D1385 /* XCTest.framework in Frameworks */ = {isa = PBXBuildFile; fileRef = B40CEB8219256DC400064464 /* XCTest.framework */; };
		B4C13D3F194CBC34004D1385 /* InfoPlist.strings in Resources */ = {isa = PBXBuildFile; fileRef = B4C13D3D194CBC34004D1385 /* InfoPlist.strings */; };
		B4C13D41194CBC34004D1385 /* Parser_Tests_CV.m in Sources */ = {isa = PBXBuildFile; fileRef = B4C13D40194CBC34004D1385 /* Parser_Tests_CV.m */; };
		B4C13D48194CBC51004D1385 /* PDFXRefSubSection.m in Sources */ = {isa = PBXBuildFile; fileRef = B4FB1A701943543700801698 /* PDFXRefSubSection.m */; };
		B4C13D49194CBC51004D1385 /* PDFXRefTable.m in Sources */ = {isa = PBXBuildFile; fileRef = B4FB1A721943543700801698 /* PDFXRefTable.m */; };
		B4C13D4A194CBC51004D1385 /* PDFRef.m in Sources */ = {isa = PBXBuildFile; fileRef = 19D1B52A193BA1B000F1A2A6 /* PDFRef.m */; };
		B4C13D4B194CBC51004D1385 /* PDFObject.m in Sources */ = {isa = PBXBuildFile; fileRef = 19AE7302192B329100CEED4F /* PDFObject.m */; };
		B4C13D4C194CBC51004D1385 /* PDFSyntaxAnalyzer.m in Sources */ = {isa = PBXBuildFile; fileRef = 19C587DF192B144400B65A7D /* PDFSyntaxAnalyzer.m */; };
		B4C13D4D194CBC51004D1385 /* PDFLexicalAnalyzer.m in Sources */ = {isa = PBXBuildFile; fileRef = B40CE98E19264926007C8E04 /* PDFLexicalAnalyzer.m */; };
		B4C13D4E194CBC51004D1385 /* PDFComment.m in Sources */ = {isa = PBXBuildFile; fileRef = B4035DEE192236FE007ED64D /* PDFComment.m */; };
		B4C13D4F194CBC51004D1385 /* PDFTrue.m in Sources */ = {isa = PBXBuildFile; fileRef = 19880770192A2E4700D2770D /* PDFTrue.m */; };
		B4C13D50194CBC51004D1385 /* PDFFalse.m in Sources */ = {isa = PBXBuildFile; fileRef = 19880774192A2E4F00D2770D /* PDFFalse.m */; };
		B4C13D51194CBC51004D1385 /* PDFStack.m in Sources */ = {isa = PBXBuildFile; fileRef = 19CC655F192B7BBA00F191E5 /* PDFStack.m */; };
		B4C13D52194CBC51004D1385 /* PDFValue.m in Sources */ = {isa = PBXBuildFile; fileRef = 198F7CC81939CD25005FEBAB /* PDFValue.m */; };
		B4FB1A731943543700801698 /* PDFXRefSubSection.m in Sources */ = {isa = PBXBuildFile; fileRef = B4FB1A701943543700801698 /* PDFXRefSubSection.m */; };
		B4FB1A741943543700801698 /* PDFXRefSubSection.m in Sources */ = {isa = PBXBuildFile; fileRef = B4FB1A701943543700801698 /* PDFXRefSubSection.m */; };
		B4FB1A751943543700801698 /* PDFXRefTable.m in Sources */ = {isa = PBXBuildFile; fileRef = B4FB1A721943543700801698 /* PDFXRefTable.m */; };
		B4FB1A761943543700801698 /* PDFXRefTable.m in Sources */ = {isa = PBXBuildFile; fileRef = B4FB1A721943543700801698 /* PDFXRefTable.m */; };
/* End PBXBuildFile section */

/* Begin PBXContainerItemProxy section */
		B40CEB8D19256DC400064464 /* PBXContainerItemProxy */ = {
			isa = PBXContainerItemProxy;
			containerPortal = 198DDE80191E279B00B11929 /* Project object */;
			proxyType = 1;
			remoteGlobalIDString = 198DDE87191E279B00B11929;
			remoteInfo = Parser;
		};
		B4C13D43194CBC34004D1385 /* PBXContainerItemProxy */ = {
			isa = PBXContainerItemProxy;
			containerPortal = 198DDE80191E279B00B11929 /* Project object */;
			proxyType = 1;
			remoteGlobalIDString = 198DDE87191E279B00B11929;
			remoteInfo = Parser;
		};
/* End PBXContainerItemProxy section */

/* Begin PBXCopyFilesBuildPhase section */
		198DDE86191E279B00B11929 /* CopyFiles */ = {
			isa = PBXCopyFilesBuildPhase;
			buildActionMask = 2147483647;
			dstPath = /usr/share/man/man1/;
			dstSubfolderSpec = 0;
			files = (
			);
			runOnlyForDeploymentPostprocessing = 1;
		};
/* End PBXCopyFilesBuildPhase section */

/* Begin PBXFileReference section */
		1988076F192A2E4700D2770D /* PDFTrue.h */ = {isa = PBXFileReference; fileEncoding = 4; lastKnownFileType = sourcecode.c.h; path = PDFTrue.h; sourceTree = "<group>"; };
		19880770192A2E4700D2770D /* PDFTrue.m */ = {isa = PBXFileReference; fileEncoding = 4; lastKnownFileType = sourcecode.c.objc; path = PDFTrue.m; sourceTree = "<group>"; };
		19880773192A2E4F00D2770D /* PDFFalse.h */ = {isa = PBXFileReference; fileEncoding = 4; lastKnownFileType = sourcecode.c.h; path = PDFFalse.h; sourceTree = "<group>"; };
		19880774192A2E4F00D2770D /* PDFFalse.m */ = {isa = PBXFileReference; fileEncoding = 4; lastKnownFileType = sourcecode.c.objc; path = PDFFalse.m; sourceTree = "<group>"; };
		198DDE88191E279B00B11929 /* Parser */ = {isa = PBXFileReference; explicitFileType = "compiled.mach-o.executable"; includeInIndex = 0; path = Parser; sourceTree = BUILT_PRODUCTS_DIR; };
		198DDE8B191E279B00B11929 /* Foundation.framework */ = {isa = PBXFileReference; lastKnownFileType = wrapper.framework; name = Foundation.framework; path = System/Library/Frameworks/Foundation.framework; sourceTree = SDKROOT; };
		198DDE8E191E279B00B11929 /* main.m */ = {isa = PBXFileReference; lastKnownFileType = sourcecode.c.objc; path = main.m; sourceTree = "<group>"; };
		198DDE91191E279B00B11929 /* Parser-Prefix.pch */ = {isa = PBXFileReference; lastKnownFileType = sourcecode.c.h; path = "Parser-Prefix.pch"; sourceTree = "<group>"; };
		198F7CC71939CD25005FEBAB /* PDFValue.h */ = {isa = PBXFileReference; fileEncoding = 4; lastKnownFileType = sourcecode.c.h; path = PDFValue.h; sourceTree = "<group>"; };
		198F7CC81939CD25005FEBAB /* PDFValue.m */ = {isa = PBXFileReference; fileEncoding = 4; lastKnownFileType = sourcecode.c.objc; path = PDFValue.m; sourceTree = "<group>"; };
		19AE7301192B329100CEED4F /* PDFObject.h */ = {isa = PBXFileReference; fileEncoding = 4; lastKnownFileType = sourcecode.c.h; path = PDFObject.h; sourceTree = "<group>"; };
		19AE7302192B329100CEED4F /* PDFObject.m */ = {isa = PBXFileReference; fileEncoding = 4; lastKnownFileType = sourcecode.c.objc; path = PDFObject.m; sourceTree = "<group>"; };
		19C587DE192B144400B65A7D /* PDFSyntaxAnalyzer.h */ = {isa = PBXFileReference; fileEncoding = 4; lastKnownFileType = sourcecode.c.h; path = PDFSyntaxAnalyzer.h; sourceTree = "<group>"; };
		19C587DF192B144400B65A7D /* PDFSyntaxAnalyzer.m */ = {isa = PBXFileReference; fileEncoding = 4; lastKnownFileType = sourcecode.c.objc; path = PDFSyntaxAnalyzer.m; sourceTree = "<group>"; };
		19CC655E192B7BBA00F191E5 /* PDFStack.h */ = {isa = PBXFileReference; fileEncoding = 4; lastKnownFileType = sourcecode.c.h; path = PDFStack.h; sourceTree = "<group>"; };
		19CC655F192B7BBA00F191E5 /* PDFStack.m */ = {isa = PBXFileReference; fileEncoding = 4; lastKnownFileType = sourcecode.c.objc; path = PDFStack.m; sourceTree = "<group>"; };
		19D1B529193BA1B000F1A2A6 /* PDFRef.h */ = {isa = PBXFileReference; fileEncoding = 4; lastKnownFileType = sourcecode.c.h; path = PDFRef.h; sourceTree = "<group>"; };
		19D1B52A193BA1B000F1A2A6 /* PDFRef.m */ = {isa = PBXFileReference; fileEncoding = 4; lastKnownFileType = sourcecode.c.objc; path = PDFRef.m; sourceTree = "<group>"; };
		B4035DED192236FE007ED64D /* PDFComment.h */ = {isa = PBXFileReference; fileEncoding = 4; lastKnownFileType = sourcecode.c.h; path = PDFComment.h; sourceTree = "<group>"; };
		B4035DEE192236FE007ED64D /* PDFComment.m */ = {isa = PBXFileReference; fileEncoding = 4; lastKnownFileType = sourcecode.c.objc; path = PDFComment.m; sourceTree = "<group>"; };
		B40CE98D19264926007C8E04 /* PDFLexicalAnalyzer.h */ = {isa = PBXFileReference; fileEncoding = 4; lastKnownFileType = sourcecode.c.h; path = PDFLexicalAnalyzer.h; sourceTree = "<group>"; };
		B40CE98E19264926007C8E04 /* PDFLexicalAnalyzer.m */ = {isa = PBXFileReference; fileEncoding = 4; lastKnownFileType = sourcecode.c.objc; path = PDFLexicalAnalyzer.m; sourceTree = "<group>"; };
		B40CEB8119256DC400064464 /* Parser Tests.xctest */ = {isa = PBXFileReference; explicitFileType = wrapper.cfbundle; includeInIndex = 0; path = "Parser Tests.xctest"; sourceTree = BUILT_PRODUCTS_DIR; };
		B40CEB8219256DC400064464 /* XCTest.framework */ = {isa = PBXFileReference; lastKnownFileType = wrapper.framework; name = XCTest.framework; path = Library/Frameworks/XCTest.framework; sourceTree = DEVELOPER_DIR; };
		B40CEB8619256DC400064464 /* Parser Tests-Info.plist */ = {isa = PBXFileReference; lastKnownFileType = text.plist.xml; path = "Parser Tests-Info.plist"; sourceTree = "<group>"; };
		B40CEB8819256DC400064464 /* en */ = {isa = PBXFileReference; lastKnownFileType = text.plist.strings; name = en; path = en.lproj/InfoPlist.strings; sourceTree = "<group>"; };
		B40CEB8A19256DC400064464 /* Parser_Tests.m */ = {isa = PBXFileReference; lastKnownFileType = sourcecode.c.objc; path = Parser_Tests.m; sourceTree = "<group>"; };
		B40CEB8C19256DC400064464 /* Parser Tests-Prefix.pch */ = {isa = PBXFileReference; lastKnownFileType = sourcecode.c.h; path = "Parser Tests-Prefix.pch"; sourceTree = "<group>"; };
		B4C13D32194C9FA6004D1385 /* libz.dylib */ = {isa = PBXFileReference; lastKnownFileType = "compiled.mach-o.dylib"; name = libz.dylib; path = usr/lib/libz.dylib; sourceTree = SDKROOT; };
		B4C13D38194CBC34004D1385 /* Parser Tests CV.xctest */ = {isa = PBXFileReference; explicitFileType = wrapper.cfbundle; includeInIndex = 0; path = "Parser Tests CV.xctest"; sourceTree = BUILT_PRODUCTS_DIR; };
		B4C13D3C194CBC34004D1385 /* Parser Tests CV-Info.plist */ = {isa = PBXFileReference; lastKnownFileType = text.plist.xml; path = "Parser Tests CV-Info.plist"; sourceTree = "<group>"; };
		B4C13D3E194CBC34004D1385 /* en */ = {isa = PBXFileReference; lastKnownFileType = text.plist.strings; name = en; path = en.lproj/InfoPlist.strings; sourceTree = "<group>"; };
		B4C13D40194CBC34004D1385 /* Parser_Tests_CV.m */ = {isa = PBXFileReference; lastKnownFileType = sourcecode.c.objc; path = Parser_Tests_CV.m; sourceTree = "<group>"; };
		B4C13D42194CBC34004D1385 /* Parser Tests CV-Prefix.pch */ = {isa = PBXFileReference; lastKnownFileType = sourcecode.c.h; path = "Parser Tests CV-Prefix.pch"; sourceTree = "<group>"; };
		B4FB1A6F1943543700801698 /* PDFXRefSubSection.h */ = {isa = PBXFileReference; fileEncoding = 4; lastKnownFileType = sourcecode.c.h; path = PDFXRefSubSection.h; sourceTree = "<group>"; };
		B4FB1A701943543700801698 /* PDFXRefSubSection.m */ = {isa = PBXFileReference; fileEncoding = 4; lastKnownFileType = sourcecode.c.objc; path = PDFXRefSubSection.m; sourceTree = "<group>"; };
		B4FB1A711943543700801698 /* PDFXRefTable.h */ = {isa = PBXFileReference; fileEncoding = 4; lastKnownFileType = sourcecode.c.h; path = PDFXRefTable.h; sourceTree = "<group>"; };
		B4FB1A721943543700801698 /* PDFXRefTable.m */ = {isa = PBXFileReference; fileEncoding = 4; lastKnownFileType = sourcecode.c.objc; path = PDFXRefTable.m; sourceTree = "<group>"; };
/* End PBXFileReference section */

/* Begin PBXFrameworksBuildPhase section */
		198DDE85191E279B00B11929 /* Frameworks */ = {
			isa = PBXFrameworksBuildPhase;
			buildActionMask = 2147483647;
			files = (
				B4C13D33194C9FA6004D1385 /* libz.dylib in Frameworks */,
				198DDE8C191E279B00B11929 /* Foundation.framework in Frameworks */,
			);
			runOnlyForDeploymentPostprocessing = 0;
		};
		B40CEB7E19256DC400064464 /* Frameworks */ = {
			isa = PBXFrameworksBuildPhase;
			buildActionMask = 2147483647;
			files = (
				B40CEB8319256DC400064464 /* XCTest.framework in Frameworks */,
			);
			runOnlyForDeploymentPostprocessing = 0;
		};
		B4C13D35194CBC34004D1385 /* Frameworks */ = {
			isa = PBXFrameworksBuildPhase;
			buildActionMask = 2147483647;
			files = (
				B4C13D39194CBC34004D1385 /* XCTest.framework in Frameworks */,
			);
			runOnlyForDeploymentPostprocessing = 0;
		};
/* End PBXFrameworksBuildPhase section */

/* Begin PBXGroup section */
		198DDE7F191E279B00B11929 = {
			isa = PBXGroup;
			children = (
				198DDE8D191E279B00B11929 /* Parser */,
				B40CEB8419256DC400064464 /* Parser Tests */,
				B4C13D3A194CBC34004D1385 /* Parser Tests CV */,
				198DDE8A191E279B00B11929 /* Frameworks */,
				198DDE89191E279B00B11929 /* Products */,
			);
			sourceTree = "<group>";
		};
		198DDE89191E279B00B11929 /* Products */ = {
			isa = PBXGroup;
			children = (
				198DDE88191E279B00B11929 /* Parser */,
				B40CEB8119256DC400064464 /* Parser Tests.xctest */,
				B4C13D38194CBC34004D1385 /* Parser Tests CV.xctest */,
			);
			name = Products;
			sourceTree = "<group>";
		};
		198DDE8A191E279B00B11929 /* Frameworks */ = {
			isa = PBXGroup;
			children = (
				B4C13D32194C9FA6004D1385 /* libz.dylib */,
				198DDE8B191E279B00B11929 /* Foundation.framework */,
				B40CEB8219256DC400064464 /* XCTest.framework */,
			);
			name = Frameworks;
			sourceTree = "<group>";
		};
		198DDE8D191E279B00B11929 /* Parser */ = {
			isa = PBXGroup;
			children = (
				B4FB1A6F1943543700801698 /* PDFXRefSubSection.h */,
				B4FB1A701943543700801698 /* PDFXRefSubSection.m */,
				B4FB1A711943543700801698 /* PDFXRefTable.h */,
				B4FB1A721943543700801698 /* PDFXRefTable.m */,
				19D1B529193BA1B000F1A2A6 /* PDFRef.h */,
				19D1B52A193BA1B000F1A2A6 /* PDFRef.m */,
				19AE7301192B329100CEED4F /* PDFObject.h */,
				19AE7302192B329100CEED4F /* PDFObject.m */,
				19C587DE192B144400B65A7D /* PDFSyntaxAnalyzer.h */,
				19C587DF192B144400B65A7D /* PDFSyntaxAnalyzer.m */,
				B40CE98D19264926007C8E04 /* PDFLexicalAnalyzer.h */,
				B40CE98E19264926007C8E04 /* PDFLexicalAnalyzer.m */,
				B4035DED192236FE007ED64D /* PDFComment.h */,
				B4035DEE192236FE007ED64D /* PDFComment.m */,
				198DDE8E191E279B00B11929 /* main.m */,
				1988076F192A2E4700D2770D /* PDFTrue.h */,
				19880770192A2E4700D2770D /* PDFTrue.m */,
				19880773192A2E4F00D2770D /* PDFFalse.h */,
				19880774192A2E4F00D2770D /* PDFFalse.m */,
				19CC655E192B7BBA00F191E5 /* PDFStack.h */,
				19CC655F192B7BBA00F191E5 /* PDFStack.m */,
				198F7CC71939CD25005FEBAB /* PDFValue.h */,
				198F7CC81939CD25005FEBAB /* PDFValue.m */,
				198DDE90191E279B00B11929 /* Supporting Files */,
			);
			path = Parser;
			sourceTree = "<group>";
		};
		198DDE90191E279B00B11929 /* Supporting Files */ = {
			isa = PBXGroup;
			children = (
				198DDE91191E279B00B11929 /* Parser-Prefix.pch */,
			);
			name = "Supporting Files";
			sourceTree = "<group>";
		};
		B40CEB8419256DC400064464 /* Parser Tests */ = {
			isa = PBXGroup;
			children = (
				B40CEB8A19256DC400064464 /* Parser_Tests.m */,
				B40CEB8519256DC400064464 /* Supporting Files */,
			);
			path = "Parser Tests";
			sourceTree = "<group>";
		};
		B40CEB8519256DC400064464 /* Supporting Files */ = {
			isa = PBXGroup;
			children = (
				B40CEB8619256DC400064464 /* Parser Tests-Info.plist */,
				B40CEB8719256DC400064464 /* InfoPlist.strings */,
				B40CEB8C19256DC400064464 /* Parser Tests-Prefix.pch */,
			);
			name = "Supporting Files";
			sourceTree = "<group>";
		};
		B4C13D3A194CBC34004D1385 /* Parser Tests CV */ = {
			isa = PBXGroup;
			children = (
				B4C13D40194CBC34004D1385 /* Parser_Tests_CV.m */,
				B4C13D3B194CBC34004D1385 /* Supporting Files */,
			);
			path = "Parser Tests CV";
			sourceTree = "<group>";
		};
		B4C13D3B194CBC34004D1385 /* Supporting Files */ = {
			isa = PBXGroup;
			children = (
				B4C13D3C194CBC34004D1385 /* Parser Tests CV-Info.plist */,
				B4C13D3D194CBC34004D1385 /* InfoPlist.strings */,
				B4C13D42194CBC34004D1385 /* Parser Tests CV-Prefix.pch */,
			);
			name = "Supporting Files";
			sourceTree = "<group>";
		};
/* End PBXGroup section */

/* Begin PBXNativeTarget section */
		198DDE87191E279B00B11929 /* Parser */ = {
			isa = PBXNativeTarget;
			buildConfigurationList = 198DDE96191E279B00B11929 /* Build configuration list for PBXNativeTarget "Parser" */;
			buildPhases = (
				198DDE84191E279B00B11929 /* Sources */,
				198DDE85191E279B00B11929 /* Frameworks */,
				198DDE86191E279B00B11929 /* CopyFiles */,
			);
			buildRules = (
			);
			dependencies = (
			);
			name = Parser;
			productName = Parser;
			productReference = 198DDE88191E279B00B11929 /* Parser */;
			productType = "com.apple.product-type.tool";
		};
		B40CEB8019256DC400064464 /* Parser Tests */ = {
			isa = PBXNativeTarget;
			buildConfigurationList = B40CEB9119256DC400064464 /* Build configuration list for PBXNativeTarget "Parser Tests" */;
			buildPhases = (
				B40CEB7D19256DC400064464 /* Sources */,
				B40CEB7E19256DC400064464 /* Frameworks */,
				B40CEB7F19256DC400064464 /* Resources */,
			);
			buildRules = (
			);
			dependencies = (
				B40CEB8E19256DC400064464 /* PBXTargetDependency */,
			);
			name = "Parser Tests";
			productName = "Parser Tests";
			productReference = B40CEB8119256DC400064464 /* Parser Tests.xctest */;
			productType = "com.apple.product-type.bundle.unit-test";
		};
		B4C13D37194CBC34004D1385 /* Parser Tests CV */ = {
			isa = PBXNativeTarget;
			buildConfigurationList = B4C13D45194CBC34004D1385 /* Build configuration list for PBXNativeTarget "Parser Tests CV" */;
			buildPhases = (
				B4C13D34194CBC34004D1385 /* Sources */,
				B4C13D35194CBC34004D1385 /* Frameworks */,
				B4C13D36194CBC34004D1385 /* Resources */,
			);
			buildRules = (
			);
			dependencies = (
				B4C13D44194CBC34004D1385 /* PBXTargetDependency */,
			);
			name = "Parser Tests CV";
			productName = "Parser Tests CV";
			productReference = B4C13D38194CBC34004D1385 /* Parser Tests CV.xctest */;
			productType = "com.apple.product-type.bundle.unit-test";
		};
/* End PBXNativeTarget section */

/* Begin PBXProject section */
		198DDE80191E279B00B11929 /* Project object */ = {
			isa = PBXProject;
			attributes = {
				LastUpgradeCheck = 0600;
				ORGANIZATIONNAME = Ptenster;
				TargetAttributes = {
					B40CEB8019256DC400064464 = {
						TestTargetID = 198DDE87191E279B00B11929;
					};
					B4C13D37194CBC34004D1385 = {
						TestTargetID = 198DDE87191E279B00B11929;
					};
				};
			};
			buildConfigurationList = 198DDE83191E279B00B11929 /* Build configuration list for PBXProject "Parser" */;
			compatibilityVersion = "Xcode 3.2";
			developmentRegion = English;
			hasScannedForEncodings = 0;
			knownRegions = (
				en,
			);
			mainGroup = 198DDE7F191E279B00B11929;
			productRefGroup = 198DDE89191E279B00B11929 /* Products */;
			projectDirPath = "";
			projectRoot = "";
			targets = (
				198DDE87191E279B00B11929 /* Parser */,
				B40CEB8019256DC400064464 /* Parser Tests */,
				B4C13D37194CBC34004D1385 /* Parser Tests CV */,
			);
		};
/* End PBXProject section */

/* Begin PBXResourcesBuildPhase section */
		B40CEB7F19256DC400064464 /* Resources */ = {
			isa = PBXResourcesBuildPhase;
			buildActionMask = 2147483647;
			files = (
				B40CEB8919256DC400064464 /* InfoPlist.strings in Resources */,
			);
			runOnlyForDeploymentPostprocessing = 0;
		};
		B4C13D36194CBC34004D1385 /* Resources */ = {
			isa = PBXResourcesBuildPhase;
			buildActionMask = 2147483647;
			files = (
				B4C13D3F194CBC34004D1385 /* InfoPlist.strings in Resources */,
			);
			runOnlyForDeploymentPostprocessing = 0;
		};
/* End PBXResourcesBuildPhase section */

/* Begin PBXSourcesBuildPhase section */
		198DDE84191E279B00B11929 /* Sources */ = {
			isa = PBXSourcesBuildPhase;
			buildActionMask = 2147483647;
			files = (
				B4035DEF192236FE007ED64D /* PDFComment.m in Sources */,
				19C587E0192B144400B65A7D /* PDFSyntaxAnalyzer.m in Sources */,
				B40CE98F19264926007C8E04 /* PDFLexicalAnalyzer.m in Sources */,
				19AE7303192B329100CEED4F /* PDFObject.m in Sources */,
				B4FB1A751943543700801698 /* PDFXRefTable.m in Sources */,
				198F7CC91939CD25005FEBAB /* PDFValue.m in Sources */,
				B4FB1A731943543700801698 /* PDFXRefSubSection.m in Sources */,
				198DDE8F191E279B00B11929 /* main.m in Sources */,
				19CC6560192B7BBA00F191E5 /* PDFStack.m in Sources */,
				19880771192A2E4700D2770D /* PDFTrue.m in Sources */,
				19880775192A2E4F00D2770D /* PDFFalse.m in Sources */,
				19D1B52B193BA1B000F1A2A6 /* PDFRef.m in Sources */,
			);
			runOnlyForDeploymentPostprocessing = 0;
		};
		B40CEB7D19256DC400064464 /* Sources */ = {
			isa = PBXSourcesBuildPhase;
			buildActionMask = 2147483647;
			files = (
				19C587E1192B144400B65A7D /* PDFSyntaxAnalyzer.m in Sources */,
				19D1B52C193BA1B000F1A2A6 /* PDFRef.m in Sources */,
				198F7CCA1939CD25005FEBAB /* PDFValue.m in Sources */,
				19880772192A2E4700D2770D /* PDFTrue.m in Sources */,
				19880776192A2E4F00D2770D /* PDFFalse.m in Sources */,
				B4FB1A741943543700801698 /* PDFXRefSubSection.m in Sources */,
				19AE7304192B329100CEED4F /* PDFObject.m in Sources */,
				B40CEB8B19256DC400064464 /* Parser_Tests.m in Sources */,
				B4FB1A761943543700801698 /* PDFXRefTable.m in Sources */,
				19CC6561192B7BBA00F191E5 /* PDFStack.m in Sources */,
				B40CE99019264926007C8E04 /* PDFLexicalAnalyzer.m in Sources */,
			);
			runOnlyForDeploymentPostprocessing = 0;
		};
		B4C13D34194CBC34004D1385 /* Sources */ = {
			isa = PBXSourcesBuildPhase;
			buildActionMask = 2147483647;
			files = (
				B4C13D48194CBC51004D1385 /* PDFXRefSubSection.m in Sources */,
				B4C13D4F194CBC51004D1385 /* PDFTrue.m in Sources */,
				B4C13D49194CBC51004D1385 /* PDFXRefTable.m in Sources */,
				B4C13D4A194CBC51004D1385 /* PDFRef.m in Sources */,
				B4C13D52194CBC51004D1385 /* PDFValue.m in Sources */,
				B4C13D4C194CBC51004D1385 /* PDFSyntaxAnalyzer.m in Sources */,
				B4C13D4E194CBC51004D1385 /* PDFComment.m in Sources */,
				B4C13D51194CBC51004D1385 /* PDFStack.m in Sources */,
				B4C13D50194CBC51004D1385 /* PDFFalse.m in Sources */,
				B4C13D4B194CBC51004D1385 /* PDFObject.m in Sources */,
				B4C13D41194CBC34004D1385 /* Parser_Tests_CV.m in Sources */,
				B4C13D4D194CBC51004D1385 /* PDFLexicalAnalyzer.m in Sources */,
			);
			runOnlyForDeploymentPostprocessing = 0;
		};
/* End PBXSourcesBuildPhase section */

/* Begin PBXTargetDependency section */
		B40CEB8E19256DC400064464 /* PBXTargetDependency */ = {
			isa = PBXTargetDependency;
			target = 198DDE87191E279B00B11929 /* Parser */;
			targetProxy = B40CEB8D19256DC400064464 /* PBXContainerItemProxy */;
		};
		B4C13D44194CBC34004D1385 /* PBXTargetDependency */ = {
			isa = PBXTargetDependency;
			target = 198DDE87191E279B00B11929 /* Parser */;
			targetProxy = B4C13D43194CBC34004D1385 /* PBXContainerItemProxy */;
		};
/* End PBXTargetDependency section */

/* Begin PBXVariantGroup section */
		B40CEB8719256DC400064464 /* InfoPlist.strings */ = {
			isa = PBXVariantGroup;
			children = (
				B40CEB8819256DC400064464 /* en */,
			);
			name = InfoPlist.strings;
			sourceTree = "<group>";
		};
		B4C13D3D194CBC34004D1385 /* InfoPlist.strings */ = {
			isa = PBXVariantGroup;
			children = (
				B4C13D3E194CBC34004D1385 /* en */,
			);
			name = InfoPlist.strings;
			sourceTree = "<group>";
		};
/* End PBXVariantGroup section */

/* Begin XCBuildConfiguration section */
		198DDE94191E279B00B11929 /* Debug */ = {
			isa = XCBuildConfiguration;
			buildSettings = {
				ALWAYS_SEARCH_USER_PATHS = NO;
				CLANG_CXX_LANGUAGE_STANDARD = "gnu++0x";
				CLANG_CXX_LIBRARY = "libc++";
				CLANG_ENABLE_MODULES = YES;
				CLANG_ENABLE_OBJC_ARC = NO;
				CLANG_WARN_BOOL_CONVERSION = YES;
				CLANG_WARN_CONSTANT_CONVERSION = YES;
				CLANG_WARN_DIRECT_OBJC_ISA_USAGE = YES_ERROR;
				CLANG_WARN_EMPTY_BODY = YES;
				CLANG_WARN_ENUM_CONVERSION = YES;
				CLANG_WARN_INT_CONVERSION = YES;
				CLANG_WARN_OBJC_ROOT_CLASS = YES_ERROR;
				CLANG_WARN__DUPLICATE_METHOD_MATCH = YES;
				COPY_PHASE_STRIP = NO;
				GCC_C_LANGUAGE_STANDARD = gnu99;
				GCC_DYNAMIC_NO_PIC = NO;
				GCC_ENABLE_OBJC_EXCEPTIONS = YES;
				GCC_OPTIMIZATION_LEVEL = 0;
				GCC_PREPROCESSOR_DEFINITIONS = (
					"DEBUG=1",
					"$(inherited)",
				);
				GCC_SYMBOLS_PRIVATE_EXTERN = NO;
				GCC_WARN_64_TO_32_BIT_CONVERSION = YES;
				GCC_WARN_ABOUT_RETURN_TYPE = YES_ERROR;
				GCC_WARN_UNDECLARED_SELECTOR = YES;
				GCC_WARN_UNINITIALIZED_AUTOS = YES_AGGRESSIVE;
				GCC_WARN_UNUSED_FUNCTION = YES;
				GCC_WARN_UNUSED_VARIABLE = YES;
				MACOSX_DEPLOYMENT_TARGET = 10.8;
				ONLY_ACTIVE_ARCH = YES;
				SDKROOT = macosx;
			};
			name = Debug;
		};
		198DDE95191E279B00B11929 /* Release */ = {
			isa = XCBuildConfiguration;
			buildSettings = {
				ALWAYS_SEARCH_USER_PATHS = NO;
				CLANG_CXX_LANGUAGE_STANDARD = "gnu++0x";
				CLANG_CXX_LIBRARY = "libc++";
				CLANG_ENABLE_MODULES = YES;
				CLANG_ENABLE_OBJC_ARC = NO;
				CLANG_WARN_BOOL_CONVERSION = YES;
				CLANG_WARN_CONSTANT_CONVERSION = YES;
				CLANG_WARN_DIRECT_OBJC_ISA_USAGE = YES_ERROR;
				CLANG_WARN_EMPTY_BODY = YES;
				CLANG_WARN_ENUM_CONVERSION = YES;
				CLANG_WARN_INT_CONVERSION = YES;
				CLANG_WARN_OBJC_ROOT_CLASS = YES_ERROR;
				CLANG_WARN__DUPLICATE_METHOD_MATCH = YES;
				COPY_PHASE_STRIP = YES;
				DEBUG_INFORMATION_FORMAT = "dwarf-with-dsym";
				ENABLE_NS_ASSERTIONS = NO;
				GCC_C_LANGUAGE_STANDARD = gnu99;
				GCC_ENABLE_OBJC_EXCEPTIONS = YES;
				GCC_WARN_64_TO_32_BIT_CONVERSION = YES;
				GCC_WARN_ABOUT_RETURN_TYPE = YES_ERROR;
				GCC_WARN_UNDECLARED_SELECTOR = YES;
				GCC_WARN_UNINITIALIZED_AUTOS = YES_AGGRESSIVE;
				GCC_WARN_UNUSED_FUNCTION = YES;
				GCC_WARN_UNUSED_VARIABLE = YES;
				MACOSX_DEPLOYMENT_TARGET = 10.8;
				SDKROOT = macosx;
			};
			name = Release;
		};
		198DDE97191E279B00B11929 /* Debug */ = {
			isa = XCBuildConfiguration;
			buildSettings = {
				CLANG_ENABLE_OBJC_ARC = NO;
				GCC_PRECOMPILE_PREFIX_HEADER = YES;
				GCC_PREFIX_HEADER = "Parser/Parser-Prefix.pch";
				PRODUCT_NAME = "$(TARGET_NAME)";
			};
			name = Debug;
		};
		198DDE98191E279B00B11929 /* Release */ = {
			isa = XCBuildConfiguration;
			buildSettings = {
				CLANG_ENABLE_OBJC_ARC = NO;
				GCC_PRECOMPILE_PREFIX_HEADER = YES;
				GCC_PREFIX_HEADER = "Parser/Parser-Prefix.pch";
				PRODUCT_NAME = "$(TARGET_NAME)";
			};
			name = Release;
		};
		B40CEB8F19256DC400064464 /* Debug */ = {
			isa = XCBuildConfiguration;
			buildSettings = {
				COMBINE_HIDPI_IMAGES = YES;
				FRAMEWORK_SEARCH_PATHS = (
					"$(DEVELOPER_FRAMEWORKS_DIR)",
					"$(inherited)",
				);
				GCC_PRECOMPILE_PREFIX_HEADER = YES;
				GCC_PREFIX_HEADER = "Parser Tests/Parser Tests-Prefix.pch";
				GCC_PREPROCESSOR_DEFINITIONS = (
					"DEBUG=1",
					"$(inherited)",
				);
				INFOPLIST_FILE = "Parser Tests/Parser Tests-Info.plist";
				PRODUCT_NAME = "$(TARGET_NAME)";
				WRAPPER_EXTENSION = xctest;
			};
			name = Debug;
		};
		B40CEB9019256DC400064464 /* Release */ = {
			isa = XCBuildConfiguration;
			buildSettings = {
				COMBINE_HIDPI_IMAGES = YES;
				FRAMEWORK_SEARCH_PATHS = (
					"$(DEVELOPER_FRAMEWORKS_DIR)",
					"$(inherited)",
				);
				GCC_PRECOMPILE_PREFIX_HEADER = YES;
				GCC_PREFIX_HEADER = "Parser Tests/Parser Tests-Prefix.pch";
				INFOPLIST_FILE = "Parser Tests/Parser Tests-Info.plist";
				PRODUCT_NAME = "$(TARGET_NAME)";
				WRAPPER_EXTENSION = xctest;
			};
			name = Release;
		};
		B4C13D46194CBC34004D1385 /* Debug */ = {
			isa = XCBuildConfiguration;
			buildSettings = {
				CLANG_ENABLE_OBJC_ARC = NO;
				COMBINE_HIDPI_IMAGES = YES;
				FRAMEWORK_SEARCH_PATHS = (
					"$(DEVELOPER_FRAMEWORKS_DIR)",
					"$(inherited)",
				);
				GCC_PRECOMPILE_PREFIX_HEADER = YES;
				GCC_PREFIX_HEADER = "Parser Tests CV/Parser Tests CV-Prefix.pch";
				GCC_PREPROCESSOR_DEFINITIONS = (
					"DEBUG=1",
					"$(inherited)",
				);
				INFOPLIST_FILE = "Parser Tests CV/Parser Tests CV-Info.plist";
				MACOSX_DEPLOYMENT_TARGET = 10.9;
				PRODUCT_NAME = "$(TARGET_NAME)";
				WRAPPER_EXTENSION = xctest;
			};
			name = Debug;
		};
		B4C13D47194CBC34004D1385 /* Release */ = {
			isa = XCBuildConfiguration;
			buildSettings = {
				CLANG_ENABLE_OBJC_ARC = NO;
				COMBINE_HIDPI_IMAGES = YES;
				FRAMEWORK_SEARCH_PATHS = (
					"$(DEVELOPER_FRAMEWORKS_DIR)",
					"$(inherited)",
				);
				GCC_PRECOMPILE_PREFIX_HEADER = YES;
				GCC_PREFIX_HEADER = "Parser Tests CV/Parser Tests CV-Prefix.pch";
				INFOPLIST_FILE = "Parser Tests CV/Parser Tests CV-Info.plist";
				MACOSX_DEPLOYMENT_TARGET = 10.9;
				PRODUCT_NAME = "$(TARGET_NAME)";
				WRAPPER_EXTENSION = xctest;
			};
			name = Release;
		};
/* End XCBuildConfiguration section */

/* Begin XCConfigurationList section */
		198DDE83191E279B00B11929 /* Build configuration list for PBXProject "Parser" */ = {
			isa = XCConfigurationList;
			buildConfigurations = (
				198DDE94191E279B00B11929 /* Debug */,
				198DDE95191E279B00B11929 /* Release */,
			);
			defaultConfigurationIsVisible = 0;
			defaultConfigurationName = Release;
		};
		198DDE96191E279B00B11929 /* Build configuration list for PBXNativeTarget "Parser" */ = {
			isa = XCConfigurationList;
			buildConfigurations = (
				198DDE97191E279B00B11929 /* Debug */,
				198DDE98191E279B00B11929 /* Release */,
			);
			defaultConfigurationIsVisible = 0;
			defaultConfigurationName = Release;
		};
		B40CEB9119256DC400064464 /* Build configuration list for PBXNativeTarget "Parser Tests" */ = {
			isa = XCConfigurationList;
			buildConfigurations = (
				B40CEB8F19256DC400064464 /* Debug */,
				B40CEB9019256DC400064464 /* Release */,
			);
			defaultConfigurationIsVisible = 0;
			defaultConfigurationName = Release;
		};
		B4C13D45194CBC34004D1385 /* Build configuration list for PBXNativeTarget "Parser Tests CV" */ = {
			isa = XCConfigurationList;
			buildConfigurations = (
				B4C13D46194CBC34004D1385 /* Debug */,
				B4C13D47194CBC34004D1385 /* Release */,
			);
			defaultConfigurationIsVisible = 0;
			defaultConfigurationName = Release;
		};
/* End XCConfigurationList section */
	};
	rootObject = 198DDE80191E279B00B11929 /* Project object */;
}
